
Microsoft Visual Studio Solution File, Format Version 12.00
# Visual Studio 15
VisualStudioVersion = 15.0.28307.136
MinimumVisualStudioVersion = 10.0.40219.1
Project("{9A19103F-16F7-4668-BE54-9A1E7A4F7556}") = "BTMobile.Business", "BTMobile.Business\BTMobile.Business.csproj", "{7F391ABD-0D2F-44D7-9B61-99F9AB60FCBE}"
EndProject
Project("{FAE04EC0-301F-11D3-BF4B-00C04F79EFBC}") = "BTMobile.WebAPI", "BTMobile.WebAPI\BTMobile.WebAPI.csproj", "{900360DD-FC24-4CC2-A43D-C067C4188A4E}"
EndProject
Global
	GlobalSection(SolutionConfigurationPlatforms) = preSolution
		Debug|Any CPU = Debug|Any CPU
		Release|Any CPU = Release|Any CPU
	EndGlobalSection
	GlobalSection(ProjectConfigurationPlatforms) = postSolution
		{7F391ABD-0D2F-44D7-9B61-99F9AB60FCBE}.Debug|Any CPU.ActiveCfg = Debug|Any CPU
		{7F391ABD-0D2F-44D7-9B61-99F9AB60FCBE}.Debug|Any CPU.Build.0 = Debug|Any CPU
		{7F391ABD-0D2F-44D7-9B61-99F9AB60FCBE}.Release|Any CPU.ActiveCfg = Release|Any CPU
		{7F391ABD-0D2F-44D7-9B61-99F9AB60FCBE}.Release|Any CPU.Build.0 = Release|Any CPU
		{900360DD-FC24-4CC2-A43D-C067C4188A4E}.Debug|Any CPU.ActiveCfg = Debug|Any CPU
		{900360DD-FC24-4CC2-A43D-C067C4188A4E}.Debug|Any CPU.Build.0 = Debug|Any CPU
		{900360DD-FC24-4CC2-A43D-C067C4188A4E}.Release|Any CPU.ActiveCfg = Release|Any CPU
		{900360DD-FC24-4CC2-A43D-C067C4188A4E}.Release|Any CPU.Build.0 = Release|Any CPU
	EndGlobalSection
	GlobalSection(SolutionProperties) = preSolution
		HideSolutionNode = FALSE
	EndGlobalSection
	GlobalSection(ExtensibilityGlobals) = postSolution
		SolutionGuid = {3E3B6792-E828-4FC4-A428-0005C3989164}
	EndGlobalSection
EndGlobal
